
Microsoft Visual Studio Solution File, Format Version 11.00
# Visual Studio 2010
Project("{FAE04EC0-301F-11D3-BF4B-00C04F79EFBC}") = "Assembly-CSharp", "Assembly-CSharp.csproj", "{AC0D2113-A2CD-A9BC-974A-AC29F3A95212}"
EndProject
Project("{FAE04EC0-301F-11D3-BF4B-00C04F79EFBC}") = "Assembly-CSharp-firstpass", "Assembly-CSharp-firstpass.csproj", "{94ABE7B0-3DEC-5392-CA7E-908739D5A84B}"
EndProject
Global
	GlobalSection(SolutionConfigurationPlatforms) = preSolution
		Debug|Any CPU = Debug|Any CPU
		Release|Any CPU = Release|Any CPU
	EndGlobalSection
	GlobalSection(ProjectConfigurationPlatforms) = postSolution
		{AC0D2113-A2CD-A9BC-974A-AC29F3A95212}.Debug|Any CPU.ActiveCfg = Debug|Any CPU
		{AC0D2113-A2CD-A9BC-974A-AC29F3A95212}.Debug|Any CPU.Build.0 = Debug|Any CPU
		{AC0D2113-A2CD-A9BC-974A-AC29F3A95212}.Release|Any CPU.ActiveCfg = Release|Any CPU
		{AC0D2113-A2CD-A9BC-974A-AC29F3A95212}.Release|Any CPU.Build.0 = Release|Any CPU
		{94ABE7B0-3DEC-5392-CA7E-908739D5A84B}.Debug|Any CPU.ActiveCfg = Debug|Any CPU
		{94ABE7B0-3DEC-5392-CA7E-908739D5A84B}.Debug|Any CPU.Build.0 = Debug|Any CPU
		{94ABE7B0-3DEC-5392-CA7E-908739D5A84B}.Release|Any CPU.ActiveCfg = Release|Any CPU
		{94ABE7B0-3DEC-5392-CA7E-908739D5A84B}.Release|Any CPU.Build.0 = Release|Any CPU
	EndGlobalSection
	GlobalSection(SolutionProperties) = preSolution
		HideSolutionNode = FALSE
	EndGlobalSection
EndGlobal
